
Microsoft Visual Studio Solution File, Format Version 12.00
# Visual Studio Version 16
VisualStudioVersion = 16.0.29911.84
MinimumVisualStudioVersion = 10.0.40219.1
Project("{FAE04EC0-301F-11D3-BF4B-00C04F79EFBC}") = "tcone", "tcone\tcone.csproj", "{3AB4A31C-1EC9-45D2-BE8D-B253D45E3001}"
EndProject
Global
	GlobalSection(SolutionConfigurationPlatforms) = preSolution
		Debug|Any CPU = Debug|Any CPU
		Release|Any CPU = Release|Any CPU
	EndGlobalSection
	GlobalSection(ProjectConfigurationPlatforms) = postSolution
		{3AB4A31C-1EC9-45D2-BE8D-B253D45E3001}.Debug|Any CPU.ActiveCfg = Debug|Any CPU
		{3AB4A31C-1EC9-45D2-BE8D-B253D45E3001}.Debug|Any CPU.Build.0 = Debug|Any CPU
		{3AB4A31C-1EC9-45D2-BE8D-B253D45E3001}.Release|Any CPU.ActiveCfg = Release|Any CPU
		{3AB4A31C-1EC9-45D2-BE8D-B253D45E3001}.Release|Any CPU.Build.0 = Release|Any CPU
	EndGlobalSection
	GlobalSection(SolutionProperties) = preSolution
		HideSolutionNode = FALSE
	EndGlobalSection
	GlobalSection(ExtensibilityGlobals) = postSolution
		SolutionGuid = {7CFC8804-1555-4EE9-BD86-1EB97124067C}
	EndGlobalSection
EndGlobal
